
Microsoft Visual Studio Solution File, Format Version 12.00
# Visual Studio 15
Project("{FAE04EC0-301F-11D3-BF4B-00C04F79EFBC}") = "Lecture1", "Lecture1\Lecture1.csproj", "{BDF888BB-19CC-401D-B885-EE4200E72B4A}"
EndProject
Project("{FAE04EC0-301F-11D3-BF4B-00C04F79EFBC}") = "Lecture2", "Lecture2\Lecture2.csproj", "{D5902713-D959-4F35-96EF-3D4E439BD342}"
EndProject
Project("{FAE04EC0-301F-11D3-BF4B-00C04F79EFBC}") = "Lecture3", "Lecture3\Lecture3.csproj", "{A531E802-20A4-4F96-B614-E4EF7E8BD04A}"
EndProject
Project("{FAE04EC0-301F-11D3-BF4B-00C04F79EFBC}") = "MiniProject", "MiniProject\MiniProject.csproj", "{831D31F1-6652-435D-9B04-587B3B33E3C3}"
EndProject
Project("{FAE04EC0-301F-11D3-BF4B-00C04F79EFBC}") = "Lecture5", "Lecture5\Lecture5.csproj", "{29CDF182-CDCE-4D12-A521-8D426B1DE691}"
EndProject
Project("{FAE04EC0-301F-11D3-BF4B-00C04F79EFBC}") = "Lecture6", "Lecture6\Lecture6.csproj", "{41EAA328-042D-4852-904F-717E4617029D}"
EndProject
Project("{FAE04EC0-301F-11D3-BF4B-00C04F79EFBC}") = "lecture8", "lecture8\lecture8.csproj", "{CE5C61E4-FA60-4262-9BDC-88E9F6BEEA52}"
EndProject
Global
	GlobalSection(SolutionConfigurationPlatforms) = preSolution
		Debug|Any CPU = Debug|Any CPU
		Release|Any CPU = Release|Any CPU
	EndGlobalSection
	GlobalSection(ProjectConfigurationPlatforms) = postSolution
		{BDF888BB-19CC-401D-B885-EE4200E72B4A}.Debug|Any CPU.ActiveCfg = Debug|Any CPU
		{BDF888BB-19CC-401D-B885-EE4200E72B4A}.Debug|Any CPU.Build.0 = Debug|Any CPU
		{BDF888BB-19CC-401D-B885-EE4200E72B4A}.Release|Any CPU.ActiveCfg = Release|Any CPU
		{BDF888BB-19CC-401D-B885-EE4200E72B4A}.Release|Any CPU.Build.0 = Release|Any CPU
		{D5902713-D959-4F35-96EF-3D4E439BD342}.Debug|Any CPU.ActiveCfg = Debug|Any CPU
		{D5902713-D959-4F35-96EF-3D4E439BD342}.Debug|Any CPU.Build.0 = Debug|Any CPU
		{D5902713-D959-4F35-96EF-3D4E439BD342}.Release|Any CPU.ActiveCfg = Release|Any CPU
		{D5902713-D959-4F35-96EF-3D4E439BD342}.Release|Any CPU.Build.0 = Release|Any CPU
		{A531E802-20A4-4F96-B614-E4EF7E8BD04A}.Debug|Any CPU.ActiveCfg = Debug|Any CPU
		{A531E802-20A4-4F96-B614-E4EF7E8BD04A}.Debug|Any CPU.Build.0 = Debug|Any CPU
		{A531E802-20A4-4F96-B614-E4EF7E8BD04A}.Release|Any CPU.ActiveCfg = Release|Any CPU
		{A531E802-20A4-4F96-B614-E4EF7E8BD04A}.Release|Any CPU.Build.0 = Release|Any CPU
		{831D31F1-6652-435D-9B04-587B3B33E3C3}.Debug|Any CPU.ActiveCfg = Debug|Any CPU
		{831D31F1-6652-435D-9B04-587B3B33E3C3}.Debug|Any CPU.Build.0 = Debug|Any CPU
		{831D31F1-6652-435D-9B04-587B3B33E3C3}.Release|Any CPU.ActiveCfg = Release|Any CPU
		{831D31F1-6652-435D-9B04-587B3B33E3C3}.Release|Any CPU.Build.0 = Release|Any CPU
		{29CDF182-CDCE-4D12-A521-8D426B1DE691}.Debug|Any CPU.ActiveCfg = Debug|Any CPU
		{29CDF182-CDCE-4D12-A521-8D426B1DE691}.Debug|Any CPU.Build.0 = Debug|Any CPU
		{29CDF182-CDCE-4D12-A521-8D426B1DE691}.Release|Any CPU.ActiveCfg = Release|Any CPU
		{29CDF182-CDCE-4D12-A521-8D426B1DE691}.Release|Any CPU.Build.0 = Release|Any CPU
		{41EAA328-042D-4852-904F-717E4617029D}.Debug|Any CPU.ActiveCfg = Debug|Any CPU
		{41EAA328-042D-4852-904F-717E4617029D}.Debug|Any CPU.Build.0 = Debug|Any CPU
		{41EAA328-042D-4852-904F-717E4617029D}.Release|Any CPU.ActiveCfg = Release|Any CPU
		{41EAA328-042D-4852-904F-717E4617029D}.Release|Any CPU.Build.0 = Release|Any CPU
		{CE5C61E4-FA60-4262-9BDC-88E9F6BEEA52}.Debug|Any CPU.ActiveCfg = Debug|Any CPU
		{CE5C61E4-FA60-4262-9BDC-88E9F6BEEA52}.Debug|Any CPU.Build.0 = Debug|Any CPU
		{CE5C61E4-FA60-4262-9BDC-88E9F6BEEA52}.Release|Any CPU.ActiveCfg = Release|Any CPU
		{CE5C61E4-FA60-4262-9BDC-88E9F6BEEA52}.Release|Any CPU.Build.0 = Release|Any CPU
	EndGlobalSection
	GlobalSection(MonoDevelopProperties) = preSolution
		Policies = $0
		$0.DotNetNamingPolicy = $1
		$1.DirectoryNamespaceAssociation = PrefixedHierarchical
		$0.TextStylePolicy = $2
		$2.FileWidth = 80
		$2.TabsToSpaces = True
		$2.scope = text/plain
		$0.StandardHeader = $3
		$0.VersionControlPolicy = $4
	EndGlobalSection
EndGlobal
